# Generated by buf. DO NOT EDIT.
version: v2
deps:
  - name: buf.build/bufbuild/protovalidate
    commit: 435963d1631043e694e56e6bcc3c79c3
    digest: b5:f4ea07ad2dd94bd7243562f9908b9fb104feef8076040c89d9f7c1dedc074de4d4ce2b997686ef4400f3eccb765a7cfc20ed4acdd70b9a3699351245c61dba97
  - name: buf.build/protocolbuffers/wellknowntypes
    commit: 122a3d2fdc814e0bb6fcf821bcce7957
    digest: b5:1aafdaf51329062dcc57ee613e59e15e5529e994634599ff467501e4d6c670af04eaa4bee3f3da5db64518b3117c34865896eb9b096a15a81051ab82c34e7e95
